
Microsoft Visual Studio Solution File, Format Version 12.00
# Visual Studio Version 16
VisualStudioVersion = 16.0.30804.86
MinimumVisualStudioVersion = 10.0.40219.1
Project("{FAE04EC0-301F-11D3-BF4B-00C04F79EFBC}") = "TasksApp", "TasksApp\TasksApp.csproj", "{1E59BDB7-CC29-4FC1-8C64-AFC3FA27A01A}"
EndProject
Global
	GlobalSection(SolutionConfigurationPlatforms) = preSolution
		Debug|Any CPU = Debug|Any CPU
		Release|Any CPU = Release|Any CPU
	EndGlobalSection
	GlobalSection(ProjectConfigurationPlatforms) = postSolution
		{1E59BDB7-CC29-4FC1-8C64-AFC3FA27A01A}.Debug|Any CPU.ActiveCfg = Debug|Any CPU
		{1E59BDB7-CC29-4FC1-8C64-AFC3FA27A01A}.Debug|Any CPU.Build.0 = Debug|Any CPU
		{1E59BDB7-CC29-4FC1-8C64-AFC3FA27A01A}.Release|Any CPU.ActiveCfg = Release|Any CPU
		{1E59BDB7-CC29-4FC1-8C64-AFC3FA27A01A}.Release|Any CPU.Build.0 = Release|Any CPU
	EndGlobalSection
	GlobalSection(SolutionProperties) = preSolution
		HideSolutionNode = FALSE
	EndGlobalSection
	GlobalSection(ExtensibilityGlobals) = postSolution
		SolutionGuid = {F244531D-BC32-46D4-80D0-1E3056E377A9}
	EndGlobalSection
EndGlobal
